
Microsoft Visual Studio Solution File, Format Version 12.00
# Visual Studio Version 17
VisualStudioVersion = 17.7.34031.279
MinimumVisualStudioVersion = 10.0.40219.1
Project("{FAE04EC0-301F-11D3-BF4B-00C04F79EFBC}") = "ChooseYourAdventure", "ChooseYourAdventure.csproj", "{C8A4903B-D563-4002-909A-C07C18E22E4F}"
EndProject
Global
	GlobalSection(SolutionConfigurationPlatforms) = preSolution
		Debug|Any CPU = Debug|Any CPU
		Release|Any CPU = Release|Any CPU
	EndGlobalSection
	GlobalSection(ProjectConfigurationPlatforms) = postSolution
		{C8A4903B-D563-4002-909A-C07C18E22E4F}.Debug|Any CPU.ActiveCfg = Debug|Any CPU
		{C8A4903B-D563-4002-909A-C07C18E22E4F}.Debug|Any CPU.Build.0 = Debug|Any CPU
		{C8A4903B-D563-4002-909A-C07C18E22E4F}.Release|Any CPU.ActiveCfg = Release|Any CPU
		{C8A4903B-D563-4002-909A-C07C18E22E4F}.Release|Any CPU.Build.0 = Release|Any CPU
	EndGlobalSection
	GlobalSection(SolutionProperties) = preSolution
		HideSolutionNode = FALSE
	EndGlobalSection
	GlobalSection(ExtensibilityGlobals) = postSolution
		SolutionGuid = {1C11923C-34DD-4AF3-AF19-34C3028EC41C}
	EndGlobalSection
EndGlobal
